
Microsoft Visual Studio Solution File, Format Version 12.00
# Visual Studio Version 17
VisualStudioVersion = 17.14.36915.13 d17.14
MinimumVisualStudioVersion = 10.0.40219.1
Project("{FAE04EC0-301F-11D3-BF4B-00C04F79EFBC}") = "thexcompression", "thexcompression\thexcompression.csproj", "{99DE8E2F-1218-4E24-9E87-91433A04D7BA}"
EndProject
Global
	GlobalSection(SolutionConfigurationPlatforms) = preSolution
		Debug|Any CPU = Debug|Any CPU
		Release|Any CPU = Release|Any CPU
	EndGlobalSection
	GlobalSection(ProjectConfigurationPlatforms) = postSolution
		{99DE8E2F-1218-4E24-9E87-91433A04D7BA}.Debug|Any CPU.ActiveCfg = Debug|Any CPU
		{99DE8E2F-1218-4E24-9E87-91433A04D7BA}.Debug|Any CPU.Build.0 = Debug|Any CPU
		{99DE8E2F-1218-4E24-9E87-91433A04D7BA}.Release|Any CPU.ActiveCfg = Release|Any CPU
		{99DE8E2F-1218-4E24-9E87-91433A04D7BA}.Release|Any CPU.Build.0 = Release|Any CPU
	EndGlobalSection
	GlobalSection(SolutionProperties) = preSolution
		HideSolutionNode = FALSE
	EndGlobalSection
	GlobalSection(ExtensibilityGlobals) = postSolution
		SolutionGuid = {1BAD7E2C-EFCF-4BC5-A9DB-9EC72D7FFE3C}
	EndGlobalSection
EndGlobal
